
Microsoft Visual Studio Solution File, Format Version 12.00
# Visual Studio Version 17
VisualStudioVersion = 17.11.35222.181
MinimumVisualStudioVersion = 10.0.40219.1
Project("{FAE04EC0-301F-11D3-BF4B-00C04F79EFBC}") = "Washing machine", "Washing machine.csproj", "{D32152C1-72FE-4B61-9AB4-3795DF93AA7D}"
EndProject
Global
	GlobalSection(SolutionConfigurationPlatforms) = preSolution
		Debug|Any CPU = Debug|Any CPU
		Release|Any CPU = Release|Any CPU
	EndGlobalSection
	GlobalSection(ProjectConfigurationPlatforms) = postSolution
		{D32152C1-72FE-4B61-9AB4-3795DF93AA7D}.Debug|Any CPU.ActiveCfg = Debug|Any CPU
		{D32152C1-72FE-4B61-9AB4-3795DF93AA7D}.Debug|Any CPU.Build.0 = Debug|Any CPU
		{D32152C1-72FE-4B61-9AB4-3795DF93AA7D}.Release|Any CPU.ActiveCfg = Release|Any CPU
		{D32152C1-72FE-4B61-9AB4-3795DF93AA7D}.Release|Any CPU.Build.0 = Release|Any CPU
	EndGlobalSection
	GlobalSection(SolutionProperties) = preSolution
		HideSolutionNode = FALSE
	EndGlobalSection
	GlobalSection(ExtensibilityGlobals) = postSolution
		SolutionGuid = {29492843-4B2F-4409-AC59-D599FBE3E012}
	EndGlobalSection
EndGlobal
